
Microsoft Visual Studio Solution File, Format Version 12.00
# Visual Studio Version 17
VisualStudioVersion = 17.5.33516.290
MinimumVisualStudioVersion = 10.0.40219.1
Project("{FAE04EC0-301F-11D3-BF4B-00C04F79EFBC}") = "SredniaArytmetyczna", "SredniaArytmetyczna\SredniaArytmetyczna.csproj", "{3F80CE2A-90D7-44ED-966B-0DB30B707F44}"
EndProject
Global
	GlobalSection(SolutionConfigurationPlatforms) = preSolution
		Debug|Any CPU = Debug|Any CPU
		Release|Any CPU = Release|Any CPU
	EndGlobalSection
	GlobalSection(ProjectConfigurationPlatforms) = postSolution
		{3F80CE2A-90D7-44ED-966B-0DB30B707F44}.Debug|Any CPU.ActiveCfg = Debug|Any CPU
		{3F80CE2A-90D7-44ED-966B-0DB30B707F44}.Debug|Any CPU.Build.0 = Debug|Any CPU
		{3F80CE2A-90D7-44ED-966B-0DB30B707F44}.Release|Any CPU.ActiveCfg = Release|Any CPU
		{3F80CE2A-90D7-44ED-966B-0DB30B707F44}.Release|Any CPU.Build.0 = Release|Any CPU
	EndGlobalSection
	GlobalSection(SolutionProperties) = preSolution
		HideSolutionNode = FALSE
	EndGlobalSection
	GlobalSection(ExtensibilityGlobals) = postSolution
		SolutionGuid = {4E7899B2-072A-4EC4-B3D8-125B3C9738D4}
	EndGlobalSection
EndGlobal
